// !$*UTF8*$!
{
	archiveVersion = 1;
	classes = {
	};
	objectVersion = 77;
	objects = {

/* Begin PBXContainerItemProxy section */
		D686E77E2E5AFFA30055A1FA /* PBXContainerItemProxy */ = {
			isa = PBXContainerItemProxy;
			containerPortal = D686E7682E5AFFA20055A1FA /* Project object */;
			proxyType = 1;
			remoteGlobalIDString = D686E76F2E5AFFA20055A1FA;
			remoteInfo = RideXplorers;
		};
		D686E7882E5AFFA30055A1FA /* PBXContainerItemProxy */ = {
			isa = PBXContainerItemProxy;
			containerPortal = D686E7682E5AFFA20055A1FA /* Project object */;
			proxyType = 1;
			remoteGlobalIDString = D686E76F2E5AFFA20055A1FA;
			remoteInfo = RideXplorers;
		};
/* End PBXContainerItemProxy section */

/* Begin PBXFileReference section */
		D686E7702E5AFFA20055A1FA /* RideXplorers.app */ = {isa = PBXFileReference; explicitFileType = wrapper.application; includeInIndex = 0; path = RideXplorers.app; sourceTree = BUILT_PRODUCTS_DIR; };
		D686E77D2E5AFFA30055A1FA /* RideXplorersTests.xctest */ = {isa = PBXFileReference; explicitFileType = wrapper.cfbundle; includeInIndex = 0; path = RideXplorersTests.xctest; sourceTree = BUILT_PRODUCTS_DIR; };
		D686E7872E5AFFA30055A1FA /* RideXplorersUITests.xctest */ = {isa = PBXFileReference; explicitFileType = wrapper.cfbundle; includeInIndex = 0; path = RideXplorersUITests.xctest; sourceTree = BUILT_PRODUCTS_DIR; };
/* End PBXFileReference section */

/* Begin PBXFileSystemSynchronizedRootGroup section */
		D686E7722E5AFFA20055A1FA /* RideXplorers */ = {
			isa = PBXFileSystemSynchronizedRootGroup;
			path = RideXplorers;
			sourceTree = "<group>";
		};
		D686E7802E5AFFA30055A1FA /* RideXplorersTests */ = {
			isa = PBXFileSystemSynchronizedRootGroup;
			path = RideXplorersTests;
			sourceTree = "<group>";
		};
		D686E78A2E5AFFA30055A1FA /* RideXplorersUITests */ = {
			isa = PBXFileSystemSynchronizedRootGroup;
			path = RideXplorersUITests;
			sourceTree = "<group>";
		};
/* End PBXFileSystemSynchronizedRootGroup section */

/* Begin PBXFrameworksBuildPhase section */
		D686E76D2E5AFFA20055A1FA /* Frameworks */ = {
			isa = PBXFrameworksBuildPhase;
			buildActionMask = 2147483647;
			files = (
			);
			runOnlyForDeploymentPostprocessing = 0;
		};
		D686E77A2E5AFFA30055A1FA /* Frameworks */ = {
			isa = PBXFrameworksBuildPhase;
			buildActionMask = 2147483647;
			files = (
			);
			runOnlyForDeploymentPostprocessing = 0;
		};
		D686E7842E5AFFA30055A1FA /* Frameworks */ = {
			isa = PBXFrameworksBuildPhase;
			buildActionMask = 2147483647;
			files = (
			);
			runOnlyForDeploymentPostprocessing = 0;
		};
/* End PBXFrameworksBuildPhase section */

/* Begin PBXGroup section */
		D686E7672E5AFFA20055A1FA = {
			isa = PBXGroup;
			children = (
				D686E7722E5AFFA20055A1FA /* RideXplorers */,
				D686E7802E5AFFA30055A1FA /* RideXplorersTests */,
				D686E78A2E5AFFA30055A1FA /* RideXplorersUITests */,
				D686E7712E5AFFA20055A1FA /* Products */,
			);
			sourceTree = "<group>";
		};
		D686E7712E5AFFA20055A1FA /* Products */ = {
			isa = PBXGroup;
			children = (
				D686E7702E5AFFA20055A1FA /* RideXplorers.app */,
				D686E77D2E5AFFA30055A1FA /* RideXplorersTests.xctest */,
				D686E7872E5AFFA30055A1FA /* RideXplorersUITests.xctest */,
			);
			name = Products;
			sourceTree = "<group>";
		};
/* End PBXGroup section */

/* Begin PBXNativeTarget section */
		D686E76F2E5AFFA20055A1FA /* RideXplorers */ = {
			isa = PBXNativeTarget;
			buildConfigurationList = D686E7912E5AFFA30055A1FA /* Build configuration list for PBXNativeTarget "RideXplorers" */;
			buildPhases = (
				D686E76C2E5AFFA20055A1FA /* Sources */,
				D686E76D2E5AFFA20055A1FA /* Frameworks */,
				D686E76E2E5AFFA20055A1FA /* Resources */,
			);
			buildRules = (
			);
			dependencies = (
			);
			fileSystemSynchronizedGroups = (
				D686E7722E5AFFA20055A1FA /* RideXplorers */,
			);
			name = RideXplorers;
			packageProductDependencies = (
			);
			productName = RideXplorers;
			productReference = D686E7702E5AFFA20055A1FA /* RideXplorers.app */;
			productType = "com.apple.product-type.application";
		};
		D686E77C2E5AFFA30055A1FA /* RideXplorersTests */ = {
			isa = PBXNativeTarget;
			buildConfigurationList = D686E7942E5AFFA30055A1FA /* Build configuration list for PBXNativeTarget "RideXplorersTests" */;
			buildPhases = (
				D686E7792E5AFFA30055A1FA /* Sources */,
				D686E77A2E5AFFA30055A1FA /* Frameworks */,
				D686E77B2E5AFFA30055A1FA /* Resources */,
			);
			buildRules = (
			);
			dependencies = (
				D686E77F2E5AFFA30055A1FA /* PBXTargetDependency */,
			);
			fileSystemSynchronizedGroups = (
				D686E7802E5AFFA30055A1FA /* RideXplorersTests */,
			);
			name = RideXplorersTests;
			packageProductDependencies = (
			);
			productName = RideXplorersTests;
			productReference = D686E77D2E5AFFA30055A1FA /* RideXplorersTests.xctest */;
			productType = "com.apple.product-type.bundle.unit-test";
		};
		D686E7862E5AFFA30055A1FA /* RideXplorersUITests */ = {
			isa = PBXNativeTarget;
			buildConfigurationList = D686E7972E5AFFA30055A1FA /* Build configuration list for PBXNativeTarget "RideXplorersUITests" */;
			buildPhases = (
				D686E7832E5AFFA30055A1FA /* Sources */,
				D686E7842E5AFFA30055A1FA /* Frameworks */,
				D686E7852E5AFFA30055A1FA /* Resources */,
			);
			buildRules = (
			);
			dependencies = (
				D686E7892E5AFFA30055A1FA /* PBXTargetDependency */,
			);
			fileSystemSynchronizedGroups = (
				D686E78A2E5AFFA30055A1FA /* RideXplorersUITests */,
			);
			name = RideXplorersUITests;
			packageProductDependencies = (
			);
			productName = RideXplorersUITests;
			productReference = D686E7872E5AFFA30055A1FA /* RideXplorersUITests.xctest */;
			productType = "com.apple.product-type.bundle.ui-testing";
		};
/* End PBXNativeTarget section */

/* Begin PBXProject section */
		D686E7682E5AFFA20055A1FA /* Project object */ = {
			isa = PBXProject;
			attributes = {
				BuildIndependentTargetsInParallel = 1;
				LastSwiftUpdateCheck = 1640;
				LastUpgradeCheck = 2600;
				TargetAttributes = {
					D686E76F2E5AFFA20055A1FA = {
						CreatedOnToolsVersion = 16.4;
					};
					D686E77C2E5AFFA30055A1FA = {
						CreatedOnToolsVersion = 16.4;
						TestTargetID = D686E76F2E5AFFA20055A1FA;
					};
					D686E7862E5AFFA30055A1FA = {
						CreatedOnToolsVersion = 16.4;
						TestTargetID = D686E76F2E5AFFA20055A1FA;
					};
				};
			};
			buildConfigurationList = D686E76B2E5AFFA20055A1FA /* Build configuration list for PBXProject "RideXplorers" */;
			developmentRegion = en;
			hasScannedForEncodings = 0;
			knownRegions = (
				en,
				Base,
			);
			mainGroup = D686E7672E5AFFA20055A1FA;
			minimizedProjectReferenceProxies = 1;
			preferredProjectObjectVersion = 77;
			productRefGroup = D686E7712E5AFFA20055A1FA /* Products */;
			projectDirPath = "";
			projectRoot = "";
			targets = (
				D686E76F2E5AFFA20055A1FA /* RideXplorers */,
				D686E77C2E5AFFA30055A1FA /* RideXplorersTests */,
				D686E7862E5AFFA30055A1FA /* RideXplorersUITests */,
			);
		};
/* End PBXProject section */

/* Begin PBXResourcesBuildPhase section */
		D686E76E2E5AFFA20055A1FA /* Resources */ = {
			isa = PBXResourcesBuildPhase;
			buildActionMask = 2147483647;
			files = (
			);
			runOnlyForDeploymentPostprocessing = 0;
		};
		D686E77B2E5AFFA30055A1FA /* Resources */ = {
			isa = PBXResourcesBuildPhase;
			buildActionMask = 2147483647;
			files = (
			);
			runOnlyForDeploymentPostprocessing = 0;
		};
		D686E7852E5AFFA30055A1FA /* Resources */ = {
			isa = PBXResourcesBuildPhase;
			buildActionMask = 2147483647;
			files = (
			);
			runOnlyForDeploymentPostprocessing = 0;
		};
/* End PBXResourcesBuildPhase section */

/* Begin PBXSourcesBuildPhase section */
		D686E76C2E5AFFA20055A1FA /* Sources */ = {
			isa = PBXSourcesBuildPhase;
			buildActionMask = 2147483647;
			files = (
			);
			runOnlyForDeploymentPostprocessing = 0;
		};
		D686E7792E5AFFA30055A1FA /* Sources */ = {
			isa = PBXSourcesBuildPhase;
			buildActionMask = 2147483647;
			files = (
			);
			runOnlyForDeploymentPostprocessing = 0;
		};
		D686E7832E5AFFA30055A1FA /* Sources */ = {
			isa = PBXSourcesBuildPhase;
			buildActionMask = 2147483647;
			files = (
			);
			runOnlyForDeploymentPostprocessing = 0;
		};
/* End PBXSourcesBuildPhase section */

/* Begin PBXTargetDependency section */
		D686E77F2E5AFFA30055A1FA /* PBXTargetDependency */ = {
			isa = PBXTargetDependency;
			target = D686E76F2E5AFFA20055A1FA /* RideXplorers */;
			targetProxy = D686E77E2E5AFFA30055A1FA /* PBXContainerItemProxy */;
		};
		D686E7892E5AFFA30055A1FA /* PBXTargetDependency */ = {
			isa = PBXTargetDependency;
			target = D686E76F2E5AFFA20055A1FA /* RideXplorers */;
			targetProxy = D686E7882E5AFFA30055A1FA /* PBXContainerItemProxy */;
		};
/* End PBXTargetDependency section */

/* Begin XCBuildConfiguration section */
		D686E78F2E5AFFA30055A1FA /* Debug */ = {
			isa = XCBuildConfiguration;
			buildSettings = {
				ALWAYS_SEARCH_USER_PATHS = NO;
				ASSETCATALOG_COMPILER_GENERATE_SWIFT_ASSET_SYMBOL_EXTENSIONS = YES;
				CLANG_ANALYZER_NONNULL = YES;
				CLANG_ANALYZER_NUMBER_OBJECT_CONVERSION = YES_AGGRESSIVE;
				CLANG_CXX_LANGUAGE_STANDARD = "gnu++20";
				CLANG_ENABLE_MODULES = YES;
				CLANG_ENABLE_OBJC_ARC = YES;
				CLANG_ENABLE_OBJC_WEAK = YES;
				CLANG_WARN_BLOCK_CAPTURE_AUTORELEASING = YES;
				CLANG_WARN_BOOL_CONVERSION = YES;
				CLANG_WARN_COMMA = YES;
				CLANG_WARN_CONSTANT_CONVERSION = YES;
				CLANG_WARN_DEPRECATED_OBJC_IMPLEMENTATIONS = YES;
				CLANG_WARN_DIRECT_OBJC_ISA_USAGE = YES_ERROR;
				CLANG_WARN_DOCUMENTATION_COMMENTS = YES;
				CLANG_WARN_EMPTY_BODY = YES;
				CLANG_WARN_ENUM_CONVERSION = YES;
				CLANG_WARN_INFINITE_RECURSION = YES;
				CLANG_WARN_INT_CONVERSION = YES;
				CLANG_WARN_NON_LITERAL_NULL_CONVERSION = YES;
				CLANG_WARN_OBJC_IMPLICIT_RETAIN_SELF = YES;
				CLANG_WARN_OBJC_LITERAL_CONVERSION = YES;
				CLANG_WARN_OBJC_ROOT_CLASS = YES_ERROR;
				CLANG_WARN_QUOTED_INCLUDE_IN_FRAMEWORK_HEADER = YES;
				CLANG_WARN_RANGE_LOOP_ANALYSIS = YES;
				CLANG_WARN_STRICT_PROTOTYPES = YES;
				CLANG_WARN_SUSPICIOUS_MOVE = YES;
				CLANG_WARN_UNGUARDED_AVAILABILITY = YES_AGGRESSIVE;
				CLANG_WARN_UNREACHABLE_CODE = YES;
				CLANG_WARN__DUPLICATE_METHOD_MATCH = YES;
				COPY_PHASE_STRIP = NO;
				DEBUG_INFORMATION_FORMAT = dwarf;
				DEVELOPMENT_TEAM = 76ZMP696CA;
				ENABLE_STRICT_OBJC_MSGSEND = YES;
				ENABLE_TESTABILITY = YES;
				ENABLE_USER_SCRIPT_SANDBOXING = YES;
				GCC_C_LANGUAGE_STANDARD = gnu17;
				GCC_DYNAMIC_NO_PIC = NO;
				GCC_NO_COMMON_BLOCKS = YES;
				GCC_OPTIMIZATION_LEVEL = 0;
				GCC_PREPROCESSOR_DEFINITIONS = (
					"DEBUG=1",
					"$(inherited)",
				);
				GCC_WARN_64_TO_32_BIT_CONVERSION = YES;
				GCC_WARN_ABOUT_RETURN_TYPE = YES_ERROR;
				GCC_WARN_UNDECLARED_SELECTOR = YES;
				GCC_WARN_UNINITIALIZED_AUTOS = YES_AGGRESSIVE;
				GCC_WARN_UNUSED_FUNCTION = YES;
				GCC_WARN_UNUSED_VARIABLE = YES;
				IPHONEOS_DEPLOYMENT_TARGET = 26.0;
				LOCALIZATION_PREFERS_STRING_CATALOGS = YES;
				MTL_ENABLE_DEBUG_INFO = INCLUDE_SOURCE;
				MTL_FAST_MATH = YES;
				ONLY_ACTIVE_ARCH = YES;
				SDKROOT = iphoneos;
				STRING_CATALOG_GENERATE_SYMBOLS = YES;
				SWIFT_ACTIVE_COMPILATION_CONDITIONS = "DEBUG $(inherited)";
				SWIFT_OPTIMIZATION_LEVEL = "-Onone";
			};
			name = Debug;
		};
		D686E7902E5AFFA30055A1FA /* Release */ = {
			isa = XCBuildConfiguration;
			buildSettings = {
				ALWAYS_SEARCH_USER_PATHS = NO;
				ASSETCATALOG_COMPILER_GENERATE_SWIFT_ASSET_SYMBOL_EXTENSIONS = YES;
				CLANG_ANALYZER_NONNULL = YES;
				CLANG_ANALYZER_NUMBER_OBJECT_CONVERSION = YES_AGGRESSIVE;
				CLANG_CXX_LANGUAGE_STANDARD = "gnu++20";
				CLANG_ENABLE_MODULES = YES;
				CLANG_ENABLE_OBJC_ARC = YES;
				CLANG_ENABLE_OBJC_WEAK = YES;
				CLANG_WARN_BLOCK_CAPTURE_AUTORELEASING = YES;
				CLANG_WARN_BOOL_CONVERSION = YES;
				CLANG_WARN_COMMA = YES;
				CLANG_WARN_CONSTANT_CONVERSION = YES;
				CLANG_WARN_DEPRECATED_OBJC_IMPLEMENTATIONS = YES;
				CLANG_WARN_DIRECT_OBJC_ISA_USAGE = YES_ERROR;
				CLANG_WARN_DOCUMENTATION_COMMENTS = YES;
				CLANG_WARN_EMPTY_BODY = YES;
				CLANG_WARN_ENUM_CONVERSION = YES;
				CLANG_WARN_INFINITE_RECURSION = YES;
				CLANG_WARN_INT_CONVERSION = YES;
				CLANG_WARN_NON_LITERAL_NULL_CONVERSION = YES;
				CLANG_WARN_OBJC_IMPLICIT_RETAIN_SELF = YES;
				CLANG_WARN_OBJC_LITERAL_CONVERSION = YES;
				CLANG_WARN_OBJC_ROOT_CLASS = YES_ERROR;
				CLANG_WARN_QUOTED_INCLUDE_IN_FRAMEWORK_HEADER = YES;
				CLANG_WARN_RANGE_LOOP_ANALYSIS = YES;
				CLANG_WARN_STRICT_PROTOTYPES = YES;
				CLANG_WARN_SUSPICIOUS_MOVE = YES;
				CLANG_WARN_UNGUARDED_AVAILABILITY = YES_AGGRESSIVE;
				CLANG_WARN_UNREACHABLE_CODE = YES;
				CLANG_WARN__DUPLICATE_METHOD_MATCH = YES;
				COPY_PHASE_STRIP = NO;
				DEBUG_INFORMATION_FORMAT = "dwarf-with-dsym";
				DEVELOPMENT_TEAM = 76ZMP696CA;
				ENABLE_NS_ASSERTIONS = NO;
				ENABLE_STRICT_OBJC_MSGSEND = YES;
				ENABLE_USER_SCRIPT_SANDBOXING = YES;
				GCC_C_LANGUAGE_STANDARD = gnu17;
				GCC_NO_COMMON_BLOCKS = YES;
				GCC_WARN_64_TO_32_BIT_CONVERSION = YES;
				GCC_WARN_ABOUT_RETURN_TYPE = YES_ERROR;
				GCC_WARN_UNDECLARED_SELECTOR = YES;
				GCC_WARN_UNINITIALIZED_AUTOS = YES_AGGRESSIVE;
				GCC_WARN_UNUSED_FUNCTION = YES;
				GCC_WARN_UNUSED_VARIABLE = YES;
				IPHONEOS_DEPLOYMENT_TARGET = 26.0;
				LOCALIZATION_PREFERS_STRING_CATALOGS = YES;
				MTL_ENABLE_DEBUG_INFO = NO;
				MTL_FAST_MATH = YES;
				SDKROOT = iphoneos;
				STRING_CATALOG_GENERATE_SYMBOLS = YES;
				SWIFT_COMPILATION_MODE = wholemodule;
				VALIDATE_PRODUCT = YES;
			};
			name = Release;
		};
		D686E7922E5AFFA30055A1FA /* Debug */ = {
			isa = XCBuildConfiguration;
			buildSettings = {
				ASSETCATALOG_COMPILER_APPICON_NAME = AppIcon;
				ASSETCATALOG_COMPILER_GLOBAL_ACCENT_COLOR_NAME = AccentColor;
				CODE_SIGN_STYLE = Automatic;
				CURRENT_PROJECT_VERSION = 1;
				DEVELOPMENT_TEAM = 76ZMP696CA;
				ENABLE_PREVIEWS = YES;
				GENERATE_INFOPLIST_FILE = YES;
				INFOPLIST_KEY_UIApplicationSceneManifest_Generation = YES;
				INFOPLIST_KEY_UIApplicationSupportsIndirectInputEvents = YES;
				INFOPLIST_KEY_UILaunchScreen_Generation = YES;
				INFOPLIST_KEY_UISupportedInterfaceOrientations_iPad = "UIInterfaceOrientationPortrait UIInterfaceOrientationPortraitUpsideDown UIInterfaceOrientationLandscapeLeft UIInterfaceOrientationLandscapeRight";
				INFOPLIST_KEY_UISupportedInterfaceOrientations_iPhone = "UIInterfaceOrientationPortrait UIInterfaceOrientationLandscapeLeft UIInterfaceOrientationLandscapeRight";
				LD_RUNPATH_SEARCH_PATHS = (
					"$(inherited)",
					"@executable_path/Frameworks",
				);
				MARKETING_VERSION = 1.0;
				PRODUCT_BUNDLE_IDENTIFIER = com.alexjuillard.RideXplorers.RideXplorers;
				PRODUCT_NAME = "$(TARGET_NAME)";
				SWIFT_EMIT_LOC_STRINGS = YES;
				SWIFT_VERSION = 5.0;
				TARGETED_DEVICE_FAMILY = "1,2";
			};
			name = Debug;
		};
		D686E7932E5AFFA30055A1FA /* Release */ = {
			isa = XCBuildConfiguration;
			buildSettings = {
				ASSETCATALOG_COMPILER_APPICON_NAME = AppIcon;
				ASSETCATALOG_COMPILER_GLOBAL_ACCENT_COLOR_NAME = AccentColor;
				CODE_SIGN_STYLE = Automatic;
				CURRENT_PROJECT_VERSION = 1;
				DEVELOPMENT_TEAM = 76ZMP696CA;
				ENABLE_PREVIEWS = YES;
				GENERATE_INFOPLIST_FILE = YES;
				INFOPLIST_KEY_UIApplicationSceneManifest_Generation = YES;
				INFOPLIST_KEY_UIApplicationSupportsIndirectInputEvents = YES;
				INFOPLIST_KEY_UILaunchScreen_Generation = YES;
				INFOPLIST_KEY_UISupportedInterfaceOrientations_iPad = "UIInterfaceOrientationPortrait UIInterfaceOrientationPortraitUpsideDown UIInterfaceOrientationLandscapeLeft UIInterfaceOrientationLandscapeRight";
				INFOPLIST_KEY_UISupportedInterfaceOrientations_iPhone = "UIInterfaceOrientationPortrait UIInterfaceOrientationLandscapeLeft UIInterfaceOrientationLandscapeRight";
				LD_RUNPATH_SEARCH_PATHS = (
					"$(inherited)",
					"@executable_path/Frameworks",
				);
				MARKETING_VERSION = 1.0;
				PRODUCT_BUNDLE_IDENTIFIER = com.alexjuillard.RideXplorers.RideXplorers;
				PRODUCT_NAME = "$(TARGET_NAME)";
				SWIFT_EMIT_LOC_STRINGS = YES;
				SWIFT_VERSION = 5.0;
				TARGETED_DEVICE_FAMILY = "1,2";
			};
			name = Release;
		};
		D686E7952E5AFFA30055A1FA /* Debug */ = {
			isa = XCBuildConfiguration;
			buildSettings = {
				BUNDLE_LOADER = "$(TEST_HOST)";
				CODE_SIGN_STYLE = Automatic;
				CURRENT_PROJECT_VERSION = 1;
				DEVELOPMENT_TEAM = 76ZMP696CA;
				GENERATE_INFOPLIST_FILE = YES;
				IPHONEOS_DEPLOYMENT_TARGET = 26.0;
				MARKETING_VERSION = 1.0;
				PRODUCT_BUNDLE_IDENTIFIER = com.alexjuillard.RideXplorers.RideXplorersTests;
				PRODUCT_NAME = "$(TARGET_NAME)";
				SWIFT_EMIT_LOC_STRINGS = NO;
				SWIFT_VERSION = 5.0;
				TARGETED_DEVICE_FAMILY = "1,2";
				TEST_HOST = "$(BUILT_PRODUCTS_DIR)/RideXplorers.app/$(BUNDLE_EXECUTABLE_FOLDER_PATH)/RideXplorers";
			};
			name = Debug;
		};
		D686E7962E5AFFA30055A1FA /* Release */ = {
			isa = XCBuildConfiguration;
			buildSettings = {
				BUNDLE_LOADER = "$(TEST_HOST)";
				CODE_SIGN_STYLE = Automatic;
				CURRENT_PROJECT_VERSION = 1;
				DEVELOPMENT_TEAM = 76ZMP696CA;
				GENERATE_INFOPLIST_FILE = YES;
				IPHONEOS_DEPLOYMENT_TARGET = 26.0;
				MARKETING_VERSION = 1.0;
				PRODUCT_BUNDLE_IDENTIFIER = com.alexjuillard.RideXplorers.RideXplorersTests;
				PRODUCT_NAME = "$(TARGET_NAME)";
				SWIFT_EMIT_LOC_STRINGS = NO;
				SWIFT_VERSION = 5.0;
				TARGETED_DEVICE_FAMILY = "1,2";
				TEST_HOST = "$(BUILT_PRODUCTS_DIR)/RideXplorers.app/$(BUNDLE_EXECUTABLE_FOLDER_PATH)/RideXplorers";
			};
			name = Release;
		};
		D686E7982E5AFFA30055A1FA /* Debug */ = {
			isa = XCBuildConfiguration;
			buildSettings = {
				CODE_SIGN_STYLE = Automatic;
				CURRENT_PROJECT_VERSION = 1;
				DEVELOPMENT_TEAM = 76ZMP696CA;
				GENERATE_INFOPLIST_FILE = YES;
				MARKETING_VERSION = 1.0;
				PRODUCT_BUNDLE_IDENTIFIER = com.alexjuillard.RideXplorers.RideXplorersUITests;
				PRODUCT_NAME = "$(TARGET_NAME)";
				SWIFT_EMIT_LOC_STRINGS = NO;
				SWIFT_VERSION = 5.0;
				TARGETED_DEVICE_FAMILY = "1,2";
				TEST_TARGET_NAME = RideXplorers;
			};
			name = Debug;
		};
		D686E7992E5AFFA30055A1FA /* Release */ = {
			isa = XCBuildConfiguration;
			buildSettings = {
				CODE_SIGN_STYLE = Automatic;
				CURRENT_PROJECT_VERSION = 1;
				DEVELOPMENT_TEAM = 76ZMP696CA;
				GENERATE_INFOPLIST_FILE = YES;
				MARKETING_VERSION = 1.0;
				PRODUCT_BUNDLE_IDENTIFIER = com.alexjuillard.RideXplorers.RideXplorersUITests;
				PRODUCT_NAME = "$(TARGET_NAME)";
				SWIFT_EMIT_LOC_STRINGS = NO;
				SWIFT_VERSION = 5.0;
				TARGETED_DEVICE_FAMILY = "1,2";
				TEST_TARGET_NAME = RideXplorers;
			};
			name = Release;
		};
/* End XCBuildConfiguration section */

/* Begin XCConfigurationList section */
		D686E76B2E5AFFA20055A1FA /* Build configuration list for PBXProject "RideXplorers" */ = {
			isa = XCConfigurationList;
			buildConfigurations = (
				D686E78F2E5AFFA30055A1FA /* Debug */,
				D686E7902E5AFFA30055A1FA /* Release */,
			);
			defaultConfigurationIsVisible = 0;
			defaultConfigurationName = Release;
		};
		D686E7912E5AFFA30055A1FA /* Build configuration list for PBXNativeTarget "RideXplorers" */ = {
			isa = XCConfigurationList;
			buildConfigurations = (
				D686E7922E5AFFA30055A1FA /* Debug */,
				D686E7932E5AFFA30055A1FA /* Release */,
			);
			defaultConfigurationIsVisible = 0;
			defaultConfigurationName = Release;
		};
		D686E7942E5AFFA30055A1FA /* Build configuration list for PBXNativeTarget "RideXplorersTests" */ = {
			isa = XCConfigurationList;
			buildConfigurations = (
				D686E7952E5AFFA30055A1FA /* Debug */,
				D686E7962E5AFFA30055A1FA /* Release */,
			);
			defaultConfigurationIsVisible = 0;
			defaultConfigurationName = Release;
		};
		D686E7972E5AFFA30055A1FA /* Build configuration list for PBXNativeTarget "RideXplorersUITests" */ = {
			isa = XCConfigurationList;
			buildConfigurations = (
				D686E7982E5AFFA30055A1FA /* Debug */,
				D686E7992E5AFFA30055A1FA /* Release */,
			);
			defaultConfigurationIsVisible = 0;
			defaultConfigurationName = Release;
		};
/* End XCConfigurationList section */
	};
	rootObject = D686E7682E5AFFA20055A1FA /* Project object */;
}
